
Microsoft Visual Studio Solution File, Format Version 12.00
# Visual Studio Version 17
VisualStudioVersion = 17.0.32126.317
MinimumVisualStudioVersion = 10.0.40219.1
Project("{FAE04EC0-301F-11D3-BF4B-00C04F79EFBC}") = "Senha", "Senha\Senha.csproj", "{A5507893-4520-46C2-AA4F-FBED9A36A352}"
EndProject
Global
	GlobalSection(SolutionConfigurationPlatforms) = preSolution
		Debug|Any CPU = Debug|Any CPU
		Release|Any CPU = Release|Any CPU
	EndGlobalSection
	GlobalSection(ProjectConfigurationPlatforms) = postSolution
		{A5507893-4520-46C2-AA4F-FBED9A36A352}.Debug|Any CPU.ActiveCfg = Debug|Any CPU
		{A5507893-4520-46C2-AA4F-FBED9A36A352}.Debug|Any CPU.Build.0 = Debug|Any CPU
		{A5507893-4520-46C2-AA4F-FBED9A36A352}.Release|Any CPU.ActiveCfg = Release|Any CPU
		{A5507893-4520-46C2-AA4F-FBED9A36A352}.Release|Any CPU.Build.0 = Release|Any CPU
	EndGlobalSection
	GlobalSection(SolutionProperties) = preSolution
		HideSolutionNode = FALSE
	EndGlobalSection
	GlobalSection(ExtensibilityGlobals) = postSolution
		SolutionGuid = {319859AC-6E93-47BF-AA94-0B38F2ED8B3E}
	EndGlobalSection
EndGlobal
